// !$*UTF8*$!
{
	archiveVersion = 1;
	classes = {
	};
	objectVersion = 56;
	objects = {

/* Begin PBXBuildFile section */
		E418683B2C579E30007F5E1A /* FirebaseAuth in Frameworks */ = {isa = PBXBuildFile; productRef = E418683A2C579E30007F5E1A /* FirebaseAuth */; };
		E418683D2C579FD4007F5E1A /* GoogleService-Info.plist in Resources */ = {isa = PBXBuildFile; fileRef = E418683C2C579FD4007F5E1A /* GoogleService-Info.plist */; };
		E41DDBF52C4166940067688D /* DataManager.swift in Sources */ = {isa = PBXBuildFile; fileRef = E41DDBF42C4166940067688D /* DataManager.swift */; };
		E41DDBF72C418CD00067688D /* EmptyLikedListVC.swift in Sources */ = {isa = PBXBuildFile; fileRef = E41DDBF62C418CD00067688D /* EmptyLikedListVC.swift */; };
		E42B50672C3C249C0024AB85 /* Constants.swift in Sources */ = {isa = PBXBuildFile; fileRef = E42B50662C3C249C0024AB85 /* Constants.swift */; };
		E42B507D2C3C3B5A0024AB85 /* Poppins-Bold.ttf in Resources */ = {isa = PBXBuildFile; fileRef = E42B506A2C3C3B590024AB85 /* Poppins-Bold.ttf */; };
		E42B507E2C3C3B5A0024AB85 /* Poppins-SemiBoldItalic.ttf in Resources */ = {isa = PBXBuildFile; fileRef = E42B506B2C3C3B590024AB85 /* Poppins-SemiBoldItalic.ttf */; };
		E42B507F2C3C3B5A0024AB85 /* Poppins-BlackItalic.ttf in Resources */ = {isa = PBXBuildFile; fileRef = E42B506C2C3C3B5A0024AB85 /* Poppins-BlackItalic.ttf */; };
		E42B50802C3C3B5A0024AB85 /* Poppins-ExtraLightItalic.ttf in Resources */ = {isa = PBXBuildFile; fileRef = E42B506D2C3C3B5A0024AB85 /* Poppins-ExtraLightItalic.ttf */; };
		E42B50812C3C3B5A0024AB85 /* Poppins-BoldItalic.ttf in Resources */ = {isa = PBXBuildFile; fileRef = E42B506E2C3C3B5A0024AB85 /* Poppins-BoldItalic.ttf */; };
		E42B50822C3C3B5A0024AB85 /* Poppins-ExtraBoldItalic.ttf in Resources */ = {isa = PBXBuildFile; fileRef = E42B506F2C3C3B5A0024AB85 /* Poppins-ExtraBoldItalic.ttf */; };
		E42B50832C3C3B5A0024AB85 /* Poppins-Regular.ttf in Resources */ = {isa = PBXBuildFile; fileRef = E42B50702C3C3B5A0024AB85 /* Poppins-Regular.ttf */; };
		E42B50842C3C3B5A0024AB85 /* OFL.txt in Resources */ = {isa = PBXBuildFile; fileRef = E42B50712C3C3B5A0024AB85 /* OFL.txt */; };
		E42B50852C3C3B5A0024AB85 /* Poppins-ExtraLight.ttf in Resources */ = {isa = PBXBuildFile; fileRef = E42B50722C3C3B5A0024AB85 /* Poppins-ExtraLight.ttf */; };
		E42B50862C3C3B5A0024AB85 /* Poppins-Thin.ttf in Resources */ = {isa = PBXBuildFile; fileRef = E42B50732C3C3B5A0024AB85 /* Poppins-Thin.ttf */; };
		E42B50872C3C3B5A0024AB85 /* Poppins-ExtraBold.ttf in Resources */ = {isa = PBXBuildFile; fileRef = E42B50742C3C3B5A0024AB85 /* Poppins-ExtraBold.ttf */; };
		E42B50882C3C3B5A0024AB85 /* Poppins-Black.ttf in Resources */ = {isa = PBXBuildFile; fileRef = E42B50752C3C3B5A0024AB85 /* Poppins-Black.ttf */; };
		E42B50892C3C3B5A0024AB85 /* Poppins-MediumItalic.ttf in Resources */ = {isa = PBXBuildFile; fileRef = E42B50762C3C3B5A0024AB85 /* Poppins-MediumItalic.ttf */; };
		E42B508A2C3C3B5A0024AB85 /* Poppins-Italic.ttf in Resources */ = {isa = PBXBuildFile; fileRef = E42B50772C3C3B5A0024AB85 /* Poppins-Italic.ttf */; };
		E42B508B2C3C3B5A0024AB85 /* Poppins-SemiBold.ttf in Resources */ = {isa = PBXBuildFile; fileRef = E42B50782C3C3B5A0024AB85 /* Poppins-SemiBold.ttf */; };
		E42B508C2C3C3B5A0024AB85 /* Poppins-ThinItalic.ttf in Resources */ = {isa = PBXBuildFile; fileRef = E42B50792C3C3B5A0024AB85 /* Poppins-ThinItalic.ttf */; };
		E42B508D2C3C3B5A0024AB85 /* Poppins-LightItalic.ttf in Resources */ = {isa = PBXBuildFile; fileRef = E42B507A2C3C3B5A0024AB85 /* Poppins-LightItalic.ttf */; };
		E42B508E2C3C3B5A0024AB85 /* Poppins-Light.ttf in Resources */ = {isa = PBXBuildFile; fileRef = E42B507B2C3C3B5A0024AB85 /* Poppins-Light.ttf */; };
		E42B508F2C3C3B5A0024AB85 /* Poppins-Medium.ttf in Resources */ = {isa = PBXBuildFile; fileRef = E42B507C2C3C3B5A0024AB85 /* Poppins-Medium.ttf */; };
		E42B50912C3C3F700024AB85 /* SliderCollectionViewCell.swift in Sources */ = {isa = PBXBuildFile; fileRef = E42B50902C3C3F700024AB85 /* SliderCollectionViewCell.swift */; };
		E4592FBC2C53DF110025512F /* GRDB in Frameworks */ = {isa = PBXBuildFile; productRef = E4592FBB2C53DF110025512F /* GRDB */; };
		E4592FCD2C540B410025512F /* RoadTo.db in Resources */ = {isa = PBXBuildFile; fileRef = E4592FCC2C540A810025512F /* RoadTo.db */; };
		E4592FD02C57707C0025512F /* Places.swift in Sources */ = {isa = PBXBuildFile; fileRef = E4592FCF2C57707C0025512F /* Places.swift */; };
		E4592FD32C57712F0025512F /* LikedPlaces.swift in Sources */ = {isa = PBXBuildFile; fileRef = E4592FD22C57712F0025512F /* LikedPlaces.swift */; };
		E4592FD62C57732D0025512F /* welcome.swift in Sources */ = {isa = PBXBuildFile; fileRef = E4592FD52C57732D0025512F /* welcome.swift */; };
		E4592FDD2C577B160025512F /* FirstPageVC.swift in Sources */ = {isa = PBXBuildFile; fileRef = E4592FDC2C577B160025512F /* FirstPageVC.swift */; };
		E48C2CB12C3E9FEA00C469A0 /* LikedPlacesVC.swift in Sources */ = {isa = PBXBuildFile; fileRef = E48C2CB02C3E9FEA00C469A0 /* LikedPlacesVC.swift */; };
		E48C2CB32C3EA0D900C469A0 /* LikedPlacesTableViewCell.swift in Sources */ = {isa = PBXBuildFile; fileRef = E48C2CB22C3EA0D900C469A0 /* LikedPlacesTableViewCell.swift */; };
		E48C2CB52C3F1EB100C469A0 /* PlaceDetailsVC.swift in Sources */ = {isa = PBXBuildFile; fileRef = E48C2CB42C3F1EB100C469A0 /* PlaceDetailsVC.swift */; };
		E4B9F7072C29762B00596B6F /* AppDelegate.swift in Sources */ = {isa = PBXBuildFile; fileRef = E4B9F7062C29762B00596B6F /* AppDelegate.swift */; };
		E4B9F7092C29762B00596B6F /* SceneDelegate.swift in Sources */ = {isa = PBXBuildFile; fileRef = E4B9F7082C29762B00596B6F /* SceneDelegate.swift */; };
		E4B9F70B2C29762B00596B6F /* WelcomeVC.swift in Sources */ = {isa = PBXBuildFile; fileRef = E4B9F70A2C29762B00596B6F /* WelcomeVC.swift */; };
		E4B9F70E2C29762B00596B6F /* Base in Resources */ = {isa = PBXBuildFile; fileRef = E4B9F70D2C29762B00596B6F /* Base */; };
		E4B9F7102C29762C00596B6F /* Assets.xcassets in Resources */ = {isa = PBXBuildFile; fileRef = E4B9F70F2C29762C00596B6F /* Assets.xcassets */; };
		E4B9F7132C29762C00596B6F /* Base in Resources */ = {isa = PBXBuildFile; fileRef = E4B9F7122C29762C00596B6F /* Base */; };
		E4B9F71E2C29762C00596B6F /* RoadToTests.swift in Sources */ = {isa = PBXBuildFile; fileRef = E4B9F71D2C29762C00596B6F /* RoadToTests.swift */; };
		E4B9F7282C29762C00596B6F /* RoadToUITests.swift in Sources */ = {isa = PBXBuildFile; fileRef = E4B9F7272C29762C00596B6F /* RoadToUITests.swift */; };
		E4B9F72A2C29762C00596B6F /* RoadToUITestsLaunchTests.swift in Sources */ = {isa = PBXBuildFile; fileRef = E4B9F7292C29762C00596B6F /* RoadToUITestsLaunchTests.swift */; };
		E4CC03F62C3D874100D0A989 /* PlacesVC.swift in Sources */ = {isa = PBXBuildFile; fileRef = E4CC03F52C3D874100D0A989 /* PlacesVC.swift */; };
		E4CC03F82C3D8A1700D0A989 /* PlacesTableViewCell.swift in Sources */ = {isa = PBXBuildFile; fileRef = E4CC03F72C3D8A1700D0A989 /* PlacesTableViewCell.swift */; };
		E4CC03FA2C3D8B6400D0A989 /* PlaceData.swift in Sources */ = {isa = PBXBuildFile; fileRef = E4CC03F92C3D8B6400D0A989 /* PlaceData.swift */; };
		E4D56F252C46C0E5008E39BF /* RxSwift in Frameworks */ = {isa = PBXBuildFile; productRef = E4D56F242C46C0E5008E39BF /* RxSwift */; };
		E4D56F302C46C50C008E39BF /* PlacesViewModel.swift in Sources */ = {isa = PBXBuildFile; fileRef = E4D56F2F2C46C50C008E39BF /* PlacesViewModel.swift */; };
		E4D56F322C46C556008E39BF /* PlaceDetailsViewModel.swift in Sources */ = {isa = PBXBuildFile; fileRef = E4D56F312C46C556008E39BF /* PlaceDetailsViewModel.swift */; };
		E4D56F342C46C583008E39BF /* LikedPlacesViewModel.swift in Sources */ = {isa = PBXBuildFile; fileRef = E4D56F332C46C583008E39BF /* LikedPlacesViewModel.swift */; };
		E4F7A1F42C4EA29B0050BECE /* RoutesVC.swift in Sources */ = {isa = PBXBuildFile; fileRef = E4F7A1F32C4EA29B0050BECE /* RoutesVC.swift */; };
		E4F7A1F62C4EA2C40050BECE /* RoutesViewModel.swift in Sources */ = {isa = PBXBuildFile; fileRef = E4F7A1F52C4EA2C40050BECE /* RoutesViewModel.swift */; };
/* End PBXBuildFile section */

/* Begin PBXContainerItemProxy section */
		E4B9F71A2C29762C00596B6F /* PBXContainerItemProxy */ = {
			isa = PBXContainerItemProxy;
			containerPortal = E4B9F6FB2C29762B00596B6F /* Project object */;
			proxyType = 1;
			remoteGlobalIDString = E4B9F7022C29762B00596B6F;
			remoteInfo = RoadTo;
		};
		E4B9F7242C29762C00596B6F /* PBXContainerItemProxy */ = {
			isa = PBXContainerItemProxy;
			containerPortal = E4B9F6FB2C29762B00596B6F /* Project object */;
			proxyType = 1;
			remoteGlobalIDString = E4B9F7022C29762B00596B6F;
			remoteInfo = RoadTo;
		};
/* End PBXContainerItemProxy section */

/* Begin PBXFileReference section */
		E418683C2C579FD4007F5E1A /* GoogleService-Info.plist */ = {isa = PBXFileReference; fileEncoding = 4; lastKnownFileType = text.plist.xml; path = "GoogleService-Info.plist"; sourceTree = "<group>"; };
		E41DDBF42C4166940067688D /* DataManager.swift */ = {isa = PBXFileReference; lastKnownFileType = sourcecode.swift; path = DataManager.swift; sourceTree = "<group>"; };
		E41DDBF62C418CD00067688D /* EmptyLikedListVC.swift */ = {isa = PBXFileReference; lastKnownFileType = sourcecode.swift; path = EmptyLikedListVC.swift; sourceTree = "<group>"; };
		E42B50662C3C249C0024AB85 /* Constants.swift */ = {isa = PBXFileReference; lastKnownFileType = sourcecode.swift; path = Constants.swift; sourceTree = "<group>"; };
		E42B506A2C3C3B590024AB85 /* Poppins-Bold.ttf */ = {isa = PBXFileReference; lastKnownFileType = file; path = "Poppins-Bold.ttf"; sourceTree = "<group>"; };
		E42B506B2C3C3B590024AB85 /* Poppins-SemiBoldItalic.ttf */ = {isa = PBXFileReference; lastKnownFileType = file; path = "Poppins-SemiBoldItalic.ttf"; sourceTree = "<group>"; };
		E42B506C2C3C3B5A0024AB85 /* Poppins-BlackItalic.ttf */ = {isa = PBXFileReference; lastKnownFileType = file; path = "Poppins-BlackItalic.ttf"; sourceTree = "<group>"; };
		E42B506D2C3C3B5A0024AB85 /* Poppins-ExtraLightItalic.ttf */ = {isa = PBXFileReference; lastKnownFileType = file; path = "Poppins-ExtraLightItalic.ttf"; sourceTree = "<group>"; };
		E42B506E2C3C3B5A0024AB85 /* Poppins-BoldItalic.ttf */ = {isa = PBXFileReference; lastKnownFileType = file; path = "Poppins-BoldItalic.ttf"; sourceTree = "<group>"; };
		E42B506F2C3C3B5A0024AB85 /* Poppins-ExtraBoldItalic.ttf */ = {isa = PBXFileReference; lastKnownFileType = file; path = "Poppins-ExtraBoldItalic.ttf"; sourceTree = "<group>"; };
		E42B50702C3C3B5A0024AB85 /* Poppins-Regular.ttf */ = {isa = PBXFileReference; lastKnownFileType = file; path = "Poppins-Regular.ttf"; sourceTree = "<group>"; };
		E42B50712C3C3B5A0024AB85 /* OFL.txt */ = {isa = PBXFileReference; fileEncoding = 4; lastKnownFileType = text; path = OFL.txt; sourceTree = "<group>"; };
		E42B50722C3C3B5A0024AB85 /* Poppins-ExtraLight.ttf */ = {isa = PBXFileReference; lastKnownFileType = file; path = "Poppins-ExtraLight.ttf"; sourceTree = "<group>"; };
		E42B50732C3C3B5A0024AB85 /* Poppins-Thin.ttf */ = {isa = PBXFileReference; lastKnownFileType = file; path = "Poppins-Thin.ttf"; sourceTree = "<group>"; };
		E42B50742C3C3B5A0024AB85 /* Poppins-ExtraBold.ttf */ = {isa = PBXFileReference; lastKnownFileType = file; path = "Poppins-ExtraBold.ttf"; sourceTree = "<group>"; };
		E42B50752C3C3B5A0024AB85 /* Poppins-Black.ttf */ = {isa = PBXFileReference; lastKnownFileType = file; path = "Poppins-Black.ttf"; sourceTree = "<group>"; };
		E42B50762C3C3B5A0024AB85 /* Poppins-MediumItalic.ttf */ = {isa = PBXFileReference; lastKnownFileType = file; path = "Poppins-MediumItalic.ttf"; sourceTree = "<group>"; };
		E42B50772C3C3B5A0024AB85 /* Poppins-Italic.ttf */ = {isa = PBXFileReference; lastKnownFileType = file; path = "Poppins-Italic.ttf"; sourceTree = "<group>"; };
		E42B50782C3C3B5A0024AB85 /* Poppins-SemiBold.ttf */ = {isa = PBXFileReference; lastKnownFileType = file; path = "Poppins-SemiBold.ttf"; sourceTree = "<group>"; };
		E42B50792C3C3B5A0024AB85 /* Poppins-ThinItalic.ttf */ = {isa = PBXFileReference; lastKnownFileType = file; path = "Poppins-ThinItalic.ttf"; sourceTree = "<group>"; };
		E42B507A2C3C3B5A0024AB85 /* Poppins-LightItalic.ttf */ = {isa = PBXFileReference; lastKnownFileType = file; path = "Poppins-LightItalic.ttf"; sourceTree = "<group>"; };
		E42B507B2C3C3B5A0024AB85 /* Poppins-Light.ttf */ = {isa = PBXFileReference; lastKnownFileType = file; path = "Poppins-Light.ttf"; sourceTree = "<group>"; };
		E42B507C2C3C3B5A0024AB85 /* Poppins-Medium.ttf */ = {isa = PBXFileReference; lastKnownFileType = file; path = "Poppins-Medium.ttf"; sourceTree = "<group>"; };
		E42B50902C3C3F700024AB85 /* SliderCollectionViewCell.swift */ = {isa = PBXFileReference; lastKnownFileType = sourcecode.swift; path = SliderCollectionViewCell.swift; sourceTree = "<group>"; };
		E4592FCC2C540A810025512F /* RoadTo.db */ = {isa = PBXFileReference; lastKnownFileType = file; path = RoadTo.db; sourceTree = "<group>"; };
		E4592FCF2C57707C0025512F /* Places.swift */ = {isa = PBXFileReference; lastKnownFileType = sourcecode.swift; path = Places.swift; sourceTree = "<group>"; };
		E4592FD22C57712F0025512F /* LikedPlaces.swift */ = {isa = PBXFileReference; lastKnownFileType = sourcecode.swift; path = LikedPlaces.swift; sourceTree = "<group>"; };
		E4592FD52C57732D0025512F /* welcome.swift */ = {isa = PBXFileReference; lastKnownFileType = sourcecode.swift; path = welcome.swift; sourceTree = "<group>"; };
		E4592FDC2C577B160025512F /* FirstPageVC.swift */ = {isa = PBXFileReference; lastKnownFileType = sourcecode.swift; path = FirstPageVC.swift; sourceTree = "<group>"; };
		E48C2CB02C3E9FEA00C469A0 /* LikedPlacesVC.swift */ = {isa = PBXFileReference; lastKnownFileType = sourcecode.swift; path = LikedPlacesVC.swift; sourceTree = "<group>"; };
		E48C2CB22C3EA0D900C469A0 /* LikedPlacesTableViewCell.swift */ = {isa = PBXFileReference; lastKnownFileType = sourcecode.swift; path = LikedPlacesTableViewCell.swift; sourceTree = "<group>"; };
		E48C2CB42C3F1EB100C469A0 /* PlaceDetailsVC.swift */ = {isa = PBXFileReference; lastKnownFileType = sourcecode.swift; path = PlaceDetailsVC.swift; sourceTree = "<group>"; };
		E4B9F7032C29762B00596B6F /* RoadTo.app */ = {isa = PBXFileReference; explicitFileType = wrapper.application; includeInIndex = 0; path = RoadTo.app; sourceTree = BUILT_PRODUCTS_DIR; };
		E4B9F7062C29762B00596B6F /* AppDelegate.swift */ = {isa = PBXFileReference; lastKnownFileType = sourcecode.swift; path = AppDelegate.swift; sourceTree = "<group>"; };
		E4B9F7082C29762B00596B6F /* SceneDelegate.swift */ = {isa = PBXFileReference; lastKnownFileType = sourcecode.swift; path = SceneDelegate.swift; sourceTree = "<group>"; };
		E4B9F70A2C29762B00596B6F /* WelcomeVC.swift */ = {isa = PBXFileReference; lastKnownFileType = sourcecode.swift; path = WelcomeVC.swift; sourceTree = "<group>"; };
		E4B9F70D2C29762B00596B6F /* Base */ = {isa = PBXFileReference; lastKnownFileType = file.storyboard; name = Base; path = Base.lproj/Main.storyboard; sourceTree = "<group>"; };
		E4B9F70F2C29762C00596B6F /* Assets.xcassets */ = {isa = PBXFileReference; lastKnownFileType = folder.assetcatalog; path = Assets.xcassets; sourceTree = "<group>"; };
		E4B9F7122C29762C00596B6F /* Base */ = {isa = PBXFileReference; lastKnownFileType = file.storyboard; name = Base; path = Base.lproj/LaunchScreen.storyboard; sourceTree = "<group>"; };
		E4B9F7142C29762C00596B6F /* Info.plist */ = {isa = PBXFileReference; lastKnownFileType = text.plist.xml; path = Info.plist; sourceTree = "<group>"; };
		E4B9F7192C29762C00596B6F /* RoadToTests.xctest */ = {isa = PBXFileReference; explicitFileType = wrapper.cfbundle; includeInIndex = 0; path = RoadToTests.xctest; sourceTree = BUILT_PRODUCTS_DIR; };
		E4B9F71D2C29762C00596B6F /* RoadToTests.swift */ = {isa = PBXFileReference; lastKnownFileType = sourcecode.swift; path = RoadToTests.swift; sourceTree = "<group>"; };
		E4B9F7232C29762C00596B6F /* RoadToUITests.xctest */ = {isa = PBXFileReference; explicitFileType = wrapper.cfbundle; includeInIndex = 0; path = RoadToUITests.xctest; sourceTree = BUILT_PRODUCTS_DIR; };
		E4B9F7272C29762C00596B6F /* RoadToUITests.swift */ = {isa = PBXFileReference; lastKnownFileType = sourcecode.swift; path = RoadToUITests.swift; sourceTree = "<group>"; };
		E4B9F7292C29762C00596B6F /* RoadToUITestsLaunchTests.swift */ = {isa = PBXFileReference; lastKnownFileType = sourcecode.swift; path = RoadToUITestsLaunchTests.swift; sourceTree = "<group>"; };
		E4CC03F52C3D874100D0A989 /* PlacesVC.swift */ = {isa = PBXFileReference; lastKnownFileType = sourcecode.swift; path = PlacesVC.swift; sourceTree = "<group>"; };
		E4CC03F72C3D8A1700D0A989 /* PlacesTableViewCell.swift */ = {isa = PBXFileReference; lastKnownFileType = sourcecode.swift; path = PlacesTableViewCell.swift; sourceTree = "<group>"; };
		E4CC03F92C3D8B6400D0A989 /* PlaceData.swift */ = {isa = PBXFileReference; lastKnownFileType = sourcecode.swift; path = PlaceData.swift; sourceTree = "<group>"; };
		E4D56F2F2C46C50C008E39BF /* PlacesViewModel.swift */ = {isa = PBXFileReference; lastKnownFileType = sourcecode.swift; path = PlacesViewModel.swift; sourceTree = "<group>"; };
		E4D56F312C46C556008E39BF /* PlaceDetailsViewModel.swift */ = {isa = PBXFileReference; lastKnownFileType = sourcecode.swift; path = PlaceDetailsViewModel.swift; sourceTree = "<group>"; };
		E4D56F332C46C583008E39BF /* LikedPlacesViewModel.swift */ = {isa = PBXFileReference; lastKnownFileType = sourcecode.swift; path = LikedPlacesViewModel.swift; sourceTree = "<group>"; };
		E4F7A1F32C4EA29B0050BECE /* RoutesVC.swift */ = {isa = PBXFileReference; lastKnownFileType = sourcecode.swift; path = RoutesVC.swift; sourceTree = "<group>"; };
		E4F7A1F52C4EA2C40050BECE /* RoutesViewModel.swift */ = {isa = PBXFileReference; lastKnownFileType = sourcecode.swift; path = RoutesViewModel.swift; sourceTree = "<group>"; };
/* End PBXFileReference section */

/* Begin PBXFrameworksBuildPhase section */
		E4B9F7002C29762B00596B6F /* Frameworks */ = {
			isa = PBXFrameworksBuildPhase;
			buildActionMask = 2147483647;
			files = (
				E4D56F252C46C0E5008E39BF /* RxSwift in Frameworks */,
				E418683B2C579E30007F5E1A /* FirebaseAuth in Frameworks */,
				E4592FBC2C53DF110025512F /* GRDB in Frameworks */,
			);
			runOnlyForDeploymentPostprocessing = 0;
		};
		E4B9F7162C29762C00596B6F /* Frameworks */ = {
			isa = PBXFrameworksBuildPhase;
			buildActionMask = 2147483647;
			files = (
			);
			runOnlyForDeploymentPostprocessing = 0;
		};
		E4B9F7202C29762C00596B6F /* Frameworks */ = {
			isa = PBXFrameworksBuildPhase;
			buildActionMask = 2147483647;
			files = (
			);
			runOnlyForDeploymentPostprocessing = 0;
		};
/* End PBXFrameworksBuildPhase section */

/* Begin PBXGroup section */
		E42B50682C3C3AFA0024AB85 /* Test */ = {
			isa = PBXGroup;
			children = (
				E4B9F71C2C29762C00596B6F /* RoadToTests */,
				E4B9F7262C29762C00596B6F /* RoadToUITests */,
			);
			path = Test;
			sourceTree = "<group>";
		};
		E42B50692C3C3B0A0024AB85 /* Fonts */ = {
			isa = PBXGroup;
			children = (
				E42B50712C3C3B5A0024AB85 /* OFL.txt */,
				E42B50752C3C3B5A0024AB85 /* Poppins-Black.ttf */,
				E42B506C2C3C3B5A0024AB85 /* Poppins-BlackItalic.ttf */,
				E42B506A2C3C3B590024AB85 /* Poppins-Bold.ttf */,
				E42B506E2C3C3B5A0024AB85 /* Poppins-BoldItalic.ttf */,
				E42B50742C3C3B5A0024AB85 /* Poppins-ExtraBold.ttf */,
				E42B506F2C3C3B5A0024AB85 /* Poppins-ExtraBoldItalic.ttf */,
				E42B50722C3C3B5A0024AB85 /* Poppins-ExtraLight.ttf */,
				E42B506D2C3C3B5A0024AB85 /* Poppins-ExtraLightItalic.ttf */,
				E42B50772C3C3B5A0024AB85 /* Poppins-Italic.ttf */,
				E42B507B2C3C3B5A0024AB85 /* Poppins-Light.ttf */,
				E42B507A2C3C3B5A0024AB85 /* Poppins-LightItalic.ttf */,
				E42B507C2C3C3B5A0024AB85 /* Poppins-Medium.ttf */,
				E42B50762C3C3B5A0024AB85 /* Poppins-MediumItalic.ttf */,
				E42B50702C3C3B5A0024AB85 /* Poppins-Regular.ttf */,
				E42B50782C3C3B5A0024AB85 /* Poppins-SemiBold.ttf */,
				E42B506B2C3C3B590024AB85 /* Poppins-SemiBoldItalic.ttf */,
				E42B50732C3C3B5A0024AB85 /* Poppins-Thin.ttf */,
				E42B50792C3C3B5A0024AB85 /* Poppins-ThinItalic.ttf */,
			);
			path = Fonts;
			sourceTree = "<group>";
		};
		E4592FBF2C53E8E00025512F /* DB */ = {
			isa = PBXGroup;
			children = (
				E4592FCC2C540A810025512F /* RoadTo.db */,
			);
			path = DB;
			sourceTree = "<group>";
		};
		E4592FCE2C57705C0025512F /* Places */ = {
			isa = PBXGroup;
			children = (
				E4CC03F52C3D874100D0A989 /* PlacesVC.swift */,
				E4592FCF2C57707C0025512F /* Places.swift */,
			);
			path = Places;
			sourceTree = "<group>";
		};
		E4592FD12C5771120025512F /* LikedPlaces */ = {
			isa = PBXGroup;
			children = (
				E48C2CB02C3E9FEA00C469A0 /* LikedPlacesVC.swift */,
				E4592FD22C57712F0025512F /* LikedPlaces.swift */,
			);
			path = LikedPlaces;
			sourceTree = "<group>";
		};
		E4592FD42C57730D0025512F /* WelcomePage */ = {
			isa = PBXGroup;
			children = (
				E4B9F70A2C29762B00596B6F /* WelcomeVC.swift */,
				E4592FD52C57732D0025512F /* welcome.swift */,
			);
			path = WelcomePage;
			sourceTree = "<group>";
		};
		E4592FD72C5774040025512F /* PlaceDetails */ = {
			isa = PBXGroup;
			children = (
				E48C2CB42C3F1EB100C469A0 /* PlaceDetailsVC.swift */,
			);
			path = PlaceDetails;
			sourceTree = "<group>";
		};
		E4592FD82C57741B0025512F /* EmptyLikedList */ = {
			isa = PBXGroup;
			children = (
				E41DDBF62C418CD00067688D /* EmptyLikedListVC.swift */,
			);
			path = EmptyLikedList;
			sourceTree = "<group>";
		};
		E4592FD92C5775EF0025512F /* Resource */ = {
			isa = PBXGroup;
			children = (
				E4B9F70F2C29762C00596B6F /* Assets.xcassets */,
				E42B50692C3C3B0A0024AB85 /* Fonts */,
			);
			path = Resource;
			sourceTree = "<group>";
		};
		E4B9F6FA2C29762B00596B6F = {
			isa = PBXGroup;
			children = (
				E4B9F7052C29762B00596B6F /* RoadTo */,
				E4B9F7042C29762B00596B6F /* Products */,
			);
			sourceTree = "<group>";
		};
		E4B9F7042C29762B00596B6F /* Products */ = {
			isa = PBXGroup;
			children = (
				E4B9F7032C29762B00596B6F /* RoadTo.app */,
				E4B9F7192C29762C00596B6F /* RoadToTests.xctest */,
				E4B9F7232C29762C00596B6F /* RoadToUITests.xctest */,
			);
			name = Products;
			sourceTree = "<group>";
		};
		E4B9F7052C29762B00596B6F /* RoadTo */ = {
			isa = PBXGroup;
			children = (
				E4B9F7062C29762B00596B6F /* AppDelegate.swift */,
				E4B9F7082C29762B00596B6F /* SceneDelegate.swift */,
				E4592FD92C5775EF0025512F /* Resource */,
				E4592FBF2C53E8E00025512F /* DB */,
				E4D56F2B2C46C199008E39BF /* UI */,
				E4D56F262C46C11C008E39BF /* Data */,
				E4B9F70C2C29762B00596B6F /* Main.storyboard */,
				E418683C2C579FD4007F5E1A /* GoogleService-Info.plist */,
				E4B9F7142C29762C00596B6F /* Info.plist */,
				E4B9F7362C298EEE00596B6F /* Supporting */,
				E42B50662C3C249C0024AB85 /* Constants.swift */,
				E4592FDC2C577B160025512F /* FirstPageVC.swift */,
			);
			path = RoadTo;
			sourceTree = "<group>";
		};
		E4B9F71C2C29762C00596B6F /* RoadToTests */ = {
			isa = PBXGroup;
			children = (
				E4B9F71D2C29762C00596B6F /* RoadToTests.swift */,
			);
			path = RoadToTests;
			sourceTree = "<group>";
		};
		E4B9F7262C29762C00596B6F /* RoadToUITests */ = {
			isa = PBXGroup;
			children = (
				E4B9F7272C29762C00596B6F /* RoadToUITests.swift */,
				E4B9F7292C29762C00596B6F /* RoadToUITestsLaunchTests.swift */,
			);
			path = RoadToUITests;
			sourceTree = "<group>";
		};
		E4B9F7362C298EEE00596B6F /* Supporting */ = {
			isa = PBXGroup;
			children = (
				E4B9F7112C29762C00596B6F /* LaunchScreen.storyboard */,
				E42B50682C3C3AFA0024AB85 /* Test */,
			);
			path = Supporting;
			sourceTree = "<group>";
		};
		E4D56F262C46C11C008E39BF /* Data */ = {
			isa = PBXGroup;
			children = (
				E4D56F272C46C124008E39BF /* entity */,
			);
			path = Data;
			sourceTree = "<group>";
		};
		E4D56F272C46C124008E39BF /* entity */ = {
			isa = PBXGroup;
			children = (
				E41DDBF42C4166940067688D /* DataManager.swift */,
				E4CC03F92C3D8B6400D0A989 /* PlaceData.swift */,
			);
			path = entity;
			sourceTree = "<group>";
		};
		E4D56F2B2C46C199008E39BF /* UI */ = {
			isa = PBXGroup;
			children = (
				E4D56F352C46C616008E39BF /* Views */,
				E4D56F2E2C46C4B4008E39BF /* CollectionView */,
				E4D56F2D2C46C48E008E39BF /* TableView */,
				E4D56F2C2C46C1A1008E39BF /* ViewModel */,
			);
			path = UI;
			sourceTree = "<group>";
		};
		E4D56F2C2C46C1A1008E39BF /* ViewModel */ = {
			isa = PBXGroup;
			children = (
				E4D56F2F2C46C50C008E39BF /* PlacesViewModel.swift */,
				E4D56F312C46C556008E39BF /* PlaceDetailsViewModel.swift */,
				E4D56F332C46C583008E39BF /* LikedPlacesViewModel.swift */,
				E4F7A1F52C4EA2C40050BECE /* RoutesViewModel.swift */,
			);
			path = ViewModel;
			sourceTree = "<group>";
		};
		E4D56F2D2C46C48E008E39BF /* TableView */ = {
			isa = PBXGroup;
			children = (
				E48C2CB22C3EA0D900C469A0 /* LikedPlacesTableViewCell.swift */,
				E4CC03F72C3D8A1700D0A989 /* PlacesTableViewCell.swift */,
			);
			path = TableView;
			sourceTree = "<group>";
		};
		E4D56F2E2C46C4B4008E39BF /* CollectionView */ = {
			isa = PBXGroup;
			children = (
				E42B50902C3C3F700024AB85 /* SliderCollectionViewCell.swift */,
			);
			path = CollectionView;
			sourceTree = "<group>";
		};
		E4D56F352C46C616008E39BF /* Views */ = {
			isa = PBXGroup;
			children = (
				E4592FCE2C57705C0025512F /* Places */,
				E4592FD12C5771120025512F /* LikedPlaces */,
				E4592FD42C57730D0025512F /* WelcomePage */,
				E4592FD72C5774040025512F /* PlaceDetails */,
				E4592FD82C57741B0025512F /* EmptyLikedList */,
				E4F7A1F32C4EA29B0050BECE /* RoutesVC.swift */,
			);
			path = Views;
			sourceTree = "<group>";
		};
/* End PBXGroup section */

/* Begin PBXNativeTarget section */
		E4B9F7022C29762B00596B6F /* RoadTo */ = {
			isa = PBXNativeTarget;
			buildConfigurationList = E4B9F72D2C29762C00596B6F /* Build configuration list for PBXNativeTarget "RoadTo" */;
			buildPhases = (
				E4B9F6FF2C29762B00596B6F /* Sources */,
				E4B9F7002C29762B00596B6F /* Frameworks */,
				E4B9F7012C29762B00596B6F /* Resources */,
			);
			buildRules = (
			);
			dependencies = (
			);
			name = RoadTo;
			packageProductDependencies = (
				E4D56F242C46C0E5008E39BF /* RxSwift */,
				E4592FBB2C53DF110025512F /* GRDB */,
				E418683A2C579E30007F5E1A /* FirebaseAuth */,
			);
			productName = RoadTo;
			productReference = E4B9F7032C29762B00596B6F /* RoadTo.app */;
			productType = "com.apple.product-type.application";
		};
		E4B9F7182C29762C00596B6F /* RoadToTests */ = {
			isa = PBXNativeTarget;
			buildConfigurationList = E4B9F7302C29762C00596B6F /* Build configuration list for PBXNativeTarget "RoadToTests" */;
			buildPhases = (
				E4B9F7152C29762C00596B6F /* Sources */,
				E4B9F7162C29762C00596B6F /* Frameworks */,
				E4B9F7172C29762C00596B6F /* Resources */,
			);
			buildRules = (
			);
			dependencies = (
				E4B9F71B2C29762C00596B6F /* PBXTargetDependency */,
			);
			name = RoadToTests;
			productName = RoadToTests;
			productReference = E4B9F7192C29762C00596B6F /* RoadToTests.xctest */;
			productType = "com.apple.product-type.bundle.unit-test";
		};
		E4B9F7222C29762C00596B6F /* RoadToUITests */ = {
			isa = PBXNativeTarget;
			buildConfigurationList = E4B9F7332C29762C00596B6F /* Build configuration list for PBXNativeTarget "RoadToUITests" */;
			buildPhases = (
				E4B9F71F2C29762C00596B6F /* Sources */,
				E4B9F7202C29762C00596B6F /* Frameworks */,
				E4B9F7212C29762C00596B6F /* Resources */,
			);
			buildRules = (
			);
			dependencies = (
				E4B9F7252C29762C00596B6F /* PBXTargetDependency */,
			);
			name = RoadToUITests;
			productName = RoadToUITests;
			productReference = E4B9F7232C29762C00596B6F /* RoadToUITests.xctest */;
			productType = "com.apple.product-type.bundle.ui-testing";
		};
/* End PBXNativeTarget section */

/* Begin PBXProject section */
		E4B9F6FB2C29762B00596B6F /* Project object */ = {
			isa = PBXProject;
			attributes = {
				BuildIndependentTargetsInParallel = 1;
				LastSwiftUpdateCheck = 1540;
				LastUpgradeCheck = 1540;
				TargetAttributes = {
					E4B9F7022C29762B00596B6F = {
						CreatedOnToolsVersion = 15.4;
					};
					E4B9F7182C29762C00596B6F = {
						CreatedOnToolsVersion = 15.4;
						TestTargetID = E4B9F7022C29762B00596B6F;
					};
					E4B9F7222C29762C00596B6F = {
						CreatedOnToolsVersion = 15.4;
						TestTargetID = E4B9F7022C29762B00596B6F;
					};
				};
			};
			buildConfigurationList = E4B9F6FE2C29762B00596B6F /* Build configuration list for PBXProject "RoadTo" */;
			compatibilityVersion = "Xcode 14.0";
			developmentRegion = en;
			hasScannedForEncodings = 0;
			knownRegions = (
				en,
				Base,
			);
			mainGroup = E4B9F6FA2C29762B00596B6F;
			packageReferences = (
				E4D56F232C46C0E5008E39BF /* XCRemoteSwiftPackageReference "RxSwift" */,
				E4592FBA2C53DD150025512F /* XCRemoteSwiftPackageReference "GRDB" */,
				E41868392C579E30007F5E1A /* XCRemoteSwiftPackageReference "firebase-ios-sdk" */,
			);
			productRefGroup = E4B9F7042C29762B00596B6F /* Products */;
			projectDirPath = "";
			projectRoot = "";
			targets = (
				E4B9F7022C29762B00596B6F /* RoadTo */,
				E4B9F7182C29762C00596B6F /* RoadToTests */,
				E4B9F7222C29762C00596B6F /* RoadToUITests */,
			);
		};
/* End PBXProject section */

/* Begin PBXResourcesBuildPhase section */
		E4B9F7012C29762B00596B6F /* Resources */ = {
			isa = PBXResourcesBuildPhase;
			buildActionMask = 2147483647;
			files = (
				E4592FCD2C540B410025512F /* RoadTo.db in Resources */,
				E42B50852C3C3B5A0024AB85 /* Poppins-ExtraLight.ttf in Resources */,
				E418683D2C579FD4007F5E1A /* GoogleService-Info.plist in Resources */,
				E42B508A2C3C3B5A0024AB85 /* Poppins-Italic.ttf in Resources */,
				E42B50892C3C3B5A0024AB85 /* Poppins-MediumItalic.ttf in Resources */,
				E42B507E2C3C3B5A0024AB85 /* Poppins-SemiBoldItalic.ttf in Resources */,
				E42B50842C3C3B5A0024AB85 /* OFL.txt in Resources */,
				E42B50862C3C3B5A0024AB85 /* Poppins-Thin.ttf in Resources */,
				E42B50802C3C3B5A0024AB85 /* Poppins-ExtraLightItalic.ttf in Resources */,
				E42B508E2C3C3B5A0024AB85 /* Poppins-Light.ttf in Resources */,
				E4B9F7102C29762C00596B6F /* Assets.xcassets in Resources */,
				E42B50822C3C3B5A0024AB85 /* Poppins-ExtraBoldItalic.ttf in Resources */,
				E4B9F7132C29762C00596B6F /* Base in Resources */,
				E4B9F70E2C29762B00596B6F /* Base in Resources */,
				E42B508D2C3C3B5A0024AB85 /* Poppins-LightItalic.ttf in Resources */,
				E42B508F2C3C3B5A0024AB85 /* Poppins-Medium.ttf in Resources */,
				E42B50882C3C3B5A0024AB85 /* Poppins-Black.ttf in Resources */,
				E42B507F2C3C3B5A0024AB85 /* Poppins-BlackItalic.ttf in Resources */,
				E42B50872C3C3B5A0024AB85 /* Poppins-ExtraBold.ttf in Resources */,
				E42B507D2C3C3B5A0024AB85 /* Poppins-Bold.ttf in Resources */,
				E42B508B2C3C3B5A0024AB85 /* Poppins-SemiBold.ttf in Resources */,
				E42B50812C3C3B5A0024AB85 /* Poppins-BoldItalic.ttf in Resources */,
				E42B508C2C3C3B5A0024AB85 /* Poppins-ThinItalic.ttf in Resources */,
				E42B50832C3C3B5A0024AB85 /* Poppins-Regular.ttf in Resources */,
			);
			runOnlyForDeploymentPostprocessing = 0;
		};
		E4B9F7172C29762C00596B6F /* Resources */ = {
			isa = PBXResourcesBuildPhase;
			buildActionMask = 2147483647;
			files = (
			);
			runOnlyForDeploymentPostprocessing = 0;
		};
		E4B9F7212C29762C00596B6F /* Resources */ = {
			isa = PBXResourcesBuildPhase;
			buildActionMask = 2147483647;
			files = (
			);
			runOnlyForDeploymentPostprocessing = 0;
		};
/* End PBXResourcesBuildPhase section */

/* Begin PBXSourcesBuildPhase section */
		E4B9F6FF2C29762B00596B6F /* Sources */ = {
			isa = PBXSourcesBuildPhase;
			buildActionMask = 2147483647;
			files = (
				E4D56F302C46C50C008E39BF /* PlacesViewModel.swift in Sources */,
				E4CC03F62C3D874100D0A989 /* PlacesVC.swift in Sources */,
				E41DDBF52C4166940067688D /* DataManager.swift in Sources */,
				E4F7A1F42C4EA29B0050BECE /* RoutesVC.swift in Sources */,
				E48C2CB12C3E9FEA00C469A0 /* LikedPlacesVC.swift in Sources */,
				E4CC03FA2C3D8B6400D0A989 /* PlaceData.swift in Sources */,
				E4D56F342C46C583008E39BF /* LikedPlacesViewModel.swift in Sources */,
				E4F7A1F62C4EA2C40050BECE /* RoutesViewModel.swift in Sources */,
				E42B50912C3C3F700024AB85 /* SliderCollectionViewCell.swift in Sources */,
				E41DDBF72C418CD00067688D /* EmptyLikedListVC.swift in Sources */,
				E4CC03F82C3D8A1700D0A989 /* PlacesTableViewCell.swift in Sources */,
				E4B9F70B2C29762B00596B6F /* WelcomeVC.swift in Sources */,
				E4B9F7072C29762B00596B6F /* AppDelegate.swift in Sources */,
				E48C2CB52C3F1EB100C469A0 /* PlaceDetailsVC.swift in Sources */,
				E4592FD32C57712F0025512F /* LikedPlaces.swift in Sources */,
				E4592FD02C57707C0025512F /* Places.swift in Sources */,
				E4592FDD2C577B160025512F /* FirstPageVC.swift in Sources */,
				E4B9F7092C29762B00596B6F /* SceneDelegate.swift in Sources */,
				E4D56F322C46C556008E39BF /* PlaceDetailsViewModel.swift in Sources */,
				E42B50672C3C249C0024AB85 /* Constants.swift in Sources */,
				E4592FD62C57732D0025512F /* welcome.swift in Sources */,
				E48C2CB32C3EA0D900C469A0 /* LikedPlacesTableViewCell.swift in Sources */,
			);
			runOnlyForDeploymentPostprocessing = 0;
		};
		E4B9F7152C29762C00596B6F /* Sources */ = {
			isa = PBXSourcesBuildPhase;
			buildActionMask = 2147483647;
			files = (
				E4B9F71E2C29762C00596B6F /* RoadToTests.swift in Sources */,
			);
			runOnlyForDeploymentPostprocessing = 0;
		};
		E4B9F71F2C29762C00596B6F /* Sources */ = {
			isa = PBXSourcesBuildPhase;
			buildActionMask = 2147483647;
			files = (
				E4B9F7282C29762C00596B6F /* RoadToUITests.swift in Sources */,
				E4B9F72A2C29762C00596B6F /* RoadToUITestsLaunchTests.swift in Sources */,
			);
			runOnlyForDeploymentPostprocessing = 0;
		};
/* End PBXSourcesBuildPhase section */

/* Begin PBXTargetDependency section */
		E4B9F71B2C29762C00596B6F /* PBXTargetDependency */ = {
			isa = PBXTargetDependency;
			target = E4B9F7022C29762B00596B6F /* RoadTo */;
			targetProxy = E4B9F71A2C29762C00596B6F /* PBXContainerItemProxy */;
		};
		E4B9F7252C29762C00596B6F /* PBXTargetDependency */ = {
			isa = PBXTargetDependency;
			target = E4B9F7022C29762B00596B6F /* RoadTo */;
			targetProxy = E4B9F7242C29762C00596B6F /* PBXContainerItemProxy */;
		};
/* End PBXTargetDependency section */

/* Begin PBXVariantGroup section */
		E4B9F70C2C29762B00596B6F /* Main.storyboard */ = {
			isa = PBXVariantGroup;
			children = (
				E4B9F70D2C29762B00596B6F /* Base */,
			);
			name = Main.storyboard;
			sourceTree = "<group>";
		};
		E4B9F7112C29762C00596B6F /* LaunchScreen.storyboard */ = {
			isa = PBXVariantGroup;
			children = (
				E4B9F7122C29762C00596B6F /* Base */,
			);
			name = LaunchScreen.storyboard;
			sourceTree = "<group>";
		};
/* End PBXVariantGroup section */

/* Begin XCBuildConfiguration section */
		E4B9F72B2C29762C00596B6F /* Debug */ = {
			isa = XCBuildConfiguration;
			buildSettings = {
				ALWAYS_SEARCH_USER_PATHS = NO;
				ASSETCATALOG_COMPILER_GENERATE_SWIFT_ASSET_SYMBOL_EXTENSIONS = YES;
				CLANG_ANALYZER_NONNULL = YES;
				CLANG_ANALYZER_NUMBER_OBJECT_CONVERSION = YES_AGGRESSIVE;
				CLANG_CXX_LANGUAGE_STANDARD = "gnu++20";
				CLANG_ENABLE_MODULES = YES;
				CLANG_ENABLE_OBJC_ARC = YES;
				CLANG_ENABLE_OBJC_WEAK = YES;
				CLANG_WARN_BLOCK_CAPTURE_AUTORELEASING = YES;
				CLANG_WARN_BOOL_CONVERSION = YES;
				CLANG_WARN_COMMA = YES;
				CLANG_WARN_CONSTANT_CONVERSION = YES;
				CLANG_WARN_DEPRECATED_OBJC_IMPLEMENTATIONS = YES;
				CLANG_WARN_DIRECT_OBJC_ISA_USAGE = YES_ERROR;
				CLANG_WARN_DOCUMENTATION_COMMENTS = YES;
				CLANG_WARN_EMPTY_BODY = YES;
				CLANG_WARN_ENUM_CONVERSION = YES;
				CLANG_WARN_INFINITE_RECURSION = YES;
				CLANG_WARN_INT_CONVERSION = YES;
				CLANG_WARN_NON_LITERAL_NULL_CONVERSION = YES;
				CLANG_WARN_OBJC_IMPLICIT_RETAIN_SELF = YES;
				CLANG_WARN_OBJC_LITERAL_CONVERSION = YES;
				CLANG_WARN_OBJC_ROOT_CLASS = YES_ERROR;
				CLANG_WARN_QUOTED_INCLUDE_IN_FRAMEWORK_HEADER = YES;
				CLANG_WARN_RANGE_LOOP_ANALYSIS = YES;
				CLANG_WARN_STRICT_PROTOTYPES = YES;
				CLANG_WARN_SUSPICIOUS_MOVE = YES;
				CLANG_WARN_UNGUARDED_AVAILABILITY = YES_AGGRESSIVE;
				CLANG_WARN_UNREACHABLE_CODE = YES;
				CLANG_WARN__DUPLICATE_METHOD_MATCH = YES;
				COPY_PHASE_STRIP = NO;
				DEBUG_INFORMATION_FORMAT = dwarf;
				ENABLE_STRICT_OBJC_MSGSEND = YES;
				ENABLE_TESTABILITY = YES;
				ENABLE_USER_SCRIPT_SANDBOXING = YES;
				GCC_C_LANGUAGE_STANDARD = gnu17;
				GCC_DYNAMIC_NO_PIC = NO;
				GCC_NO_COMMON_BLOCKS = YES;
				GCC_OPTIMIZATION_LEVEL = 0;
				GCC_PREPROCESSOR_DEFINITIONS = (
					"DEBUG=1",
					"$(inherited)",
				);
				GCC_WARN_64_TO_32_BIT_CONVERSION = YES;
				GCC_WARN_ABOUT_RETURN_TYPE = YES_ERROR;
				GCC_WARN_UNDECLARED_SELECTOR = YES;
				GCC_WARN_UNINITIALIZED_AUTOS = YES_AGGRESSIVE;
				GCC_WARN_UNUSED_FUNCTION = YES;
				GCC_WARN_UNUSED_VARIABLE = YES;
				IPHONEOS_DEPLOYMENT_TARGET = 17.5;
				LOCALIZATION_PREFERS_STRING_CATALOGS = YES;
				MTL_ENABLE_DEBUG_INFO = INCLUDE_SOURCE;
				MTL_FAST_MATH = YES;
				ONLY_ACTIVE_ARCH = YES;
				SDKROOT = iphoneos;
				SWIFT_ACTIVE_COMPILATION_CONDITIONS = "DEBUG $(inherited)";
				SWIFT_OPTIMIZATION_LEVEL = "-Onone";
			};
			name = Debug;
		};
		E4B9F72C2C29762C00596B6F /* Release */ = {
			isa = XCBuildConfiguration;
			buildSettings = {
				ALWAYS_SEARCH_USER_PATHS = NO;
				ASSETCATALOG_COMPILER_GENERATE_SWIFT_ASSET_SYMBOL_EXTENSIONS = YES;
				CLANG_ANALYZER_NONNULL = YES;
				CLANG_ANALYZER_NUMBER_OBJECT_CONVERSION = YES_AGGRESSIVE;
				CLANG_CXX_LANGUAGE_STANDARD = "gnu++20";
				CLANG_ENABLE_MODULES = YES;
				CLANG_ENABLE_OBJC_ARC = YES;
				CLANG_ENABLE_OBJC_WEAK = YES;
				CLANG_WARN_BLOCK_CAPTURE_AUTORELEASING = YES;
				CLANG_WARN_BOOL_CONVERSION = YES;
				CLANG_WARN_COMMA = YES;
				CLANG_WARN_CONSTANT_CONVERSION = YES;
				CLANG_WARN_DEPRECATED_OBJC_IMPLEMENTATIONS = YES;
				CLANG_WARN_DIRECT_OBJC_ISA_USAGE = YES_ERROR;
				CLANG_WARN_DOCUMENTATION_COMMENTS = YES;
				CLANG_WARN_EMPTY_BODY = YES;
				CLANG_WARN_ENUM_CONVERSION = YES;
				CLANG_WARN_INFINITE_RECURSION = YES;
				CLANG_WARN_INT_CONVERSION = YES;
				CLANG_WARN_NON_LITERAL_NULL_CONVERSION = YES;
				CLANG_WARN_OBJC_IMPLICIT_RETAIN_SELF = YES;
				CLANG_WARN_OBJC_LITERAL_CONVERSION = YES;
				CLANG_WARN_OBJC_ROOT_CLASS = YES_ERROR;
				CLANG_WARN_QUOTED_INCLUDE_IN_FRAMEWORK_HEADER = YES;
				CLANG_WARN_RANGE_LOOP_ANALYSIS = YES;
				CLANG_WARN_STRICT_PROTOTYPES = YES;
				CLANG_WARN_SUSPICIOUS_MOVE = YES;
				CLANG_WARN_UNGUARDED_AVAILABILITY = YES_AGGRESSIVE;
				CLANG_WARN_UNREACHABLE_CODE = YES;
				CLANG_WARN__DUPLICATE_METHOD_MATCH = YES;
				COPY_PHASE_STRIP = NO;
				DEBUG_INFORMATION_FORMAT = "dwarf-with-dsym";
				ENABLE_NS_ASSERTIONS = NO;
				ENABLE_STRICT_OBJC_MSGSEND = YES;
				ENABLE_USER_SCRIPT_SANDBOXING = YES;
				GCC_C_LANGUAGE_STANDARD = gnu17;
				GCC_NO_COMMON_BLOCKS = YES;
				GCC_WARN_64_TO_32_BIT_CONVERSION = YES;
				GCC_WARN_ABOUT_RETURN_TYPE = YES_ERROR;
				GCC_WARN_UNDECLARED_SELECTOR = YES;
				GCC_WARN_UNINITIALIZED_AUTOS = YES_AGGRESSIVE;
				GCC_WARN_UNUSED_FUNCTION = YES;
				GCC_WARN_UNUSED_VARIABLE = YES;
				IPHONEOS_DEPLOYMENT_TARGET = 17.5;
				LOCALIZATION_PREFERS_STRING_CATALOGS = YES;
				MTL_ENABLE_DEBUG_INFO = NO;
				MTL_FAST_MATH = YES;
				SDKROOT = iphoneos;
				SWIFT_COMPILATION_MODE = wholemodule;
				VALIDATE_PRODUCT = YES;
			};
			name = Release;
		};
		E4B9F72E2C29762C00596B6F /* Debug */ = {
			isa = XCBuildConfiguration;
			buildSettings = {
				ASSETCATALOG_COMPILER_APPICON_NAME = AppIcon;
				ASSETCATALOG_COMPILER_GLOBAL_ACCENT_COLOR_NAME = AccentColor;
				CODE_SIGN_STYLE = Automatic;
				CURRENT_PROJECT_VERSION = 1;
				GENERATE_INFOPLIST_FILE = YES;
				INFOPLIST_FILE = RoadTo/Info.plist;
				INFOPLIST_KEY_UIApplicationSupportsIndirectInputEvents = YES;
				INFOPLIST_KEY_UILaunchStoryboardName = LaunchScreen;
				INFOPLIST_KEY_UIMainStoryboardFile = Main;
				INFOPLIST_KEY_UISupportedInterfaceOrientations_iPad = "UIInterfaceOrientationPortrait UIInterfaceOrientationPortraitUpsideDown UIInterfaceOrientationLandscapeLeft UIInterfaceOrientationLandscapeRight";
				INFOPLIST_KEY_UISupportedInterfaceOrientations_iPhone = "UIInterfaceOrientationPortrait UIInterfaceOrientationLandscapeLeft UIInterfaceOrientationLandscapeRight";
				LD_RUNPATH_SEARCH_PATHS = (
					"$(inherited)",
					"@executable_path/Frameworks",
				);
				MARKETING_VERSION = 1.0;
				PRODUCT_BUNDLE_IDENTIFIER = kalkan.RoadTo;
				PRODUCT_NAME = "$(TARGET_NAME)";
				SWIFT_EMIT_LOC_STRINGS = YES;
				SWIFT_VERSION = 5.0;
				TARGETED_DEVICE_FAMILY = "1,2";
			};
			name = Debug;
		};
		E4B9F72F2C29762C00596B6F /* Release */ = {
			isa = XCBuildConfiguration;
			buildSettings = {
				ASSETCATALOG_COMPILER_APPICON_NAME = AppIcon;
				ASSETCATALOG_COMPILER_GLOBAL_ACCENT_COLOR_NAME = AccentColor;
				CODE_SIGN_STYLE = Automatic;
				CURRENT_PROJECT_VERSION = 1;
				GENERATE_INFOPLIST_FILE = YES;
				INFOPLIST_FILE = RoadTo/Info.plist;
				INFOPLIST_KEY_UIApplicationSupportsIndirectInputEvents = YES;
				INFOPLIST_KEY_UILaunchStoryboardName = LaunchScreen;
				INFOPLIST_KEY_UIMainStoryboardFile = Main;
				INFOPLIST_KEY_UISupportedInterfaceOrientations_iPad = "UIInterfaceOrientationPortrait UIInterfaceOrientationPortraitUpsideDown UIInterfaceOrientationLandscapeLeft UIInterfaceOrientationLandscapeRight";
				INFOPLIST_KEY_UISupportedInterfaceOrientations_iPhone = "UIInterfaceOrientationPortrait UIInterfaceOrientationLandscapeLeft UIInterfaceOrientationLandscapeRight";
				LD_RUNPATH_SEARCH_PATHS = (
					"$(inherited)",
					"@executable_path/Frameworks",
				);
				MARKETING_VERSION = 1.0;
				PRODUCT_BUNDLE_IDENTIFIER = kalkan.RoadTo;
				PRODUCT_NAME = "$(TARGET_NAME)";
				SWIFT_EMIT_LOC_STRINGS = YES;
				SWIFT_VERSION = 5.0;
				TARGETED_DEVICE_FAMILY = "1,2";
			};
			name = Release;
		};
		E4B9F7312C29762C00596B6F /* Debug */ = {
			isa = XCBuildConfiguration;
			buildSettings = {
				ALWAYS_EMBED_SWIFT_STANDARD_LIBRARIES = YES;
				BUNDLE_LOADER = "$(TEST_HOST)";
				CODE_SIGN_STYLE = Automatic;
				CURRENT_PROJECT_VERSION = 1;
				GENERATE_INFOPLIST_FILE = YES;
				IPHONEOS_DEPLOYMENT_TARGET = 17.5;
				MARKETING_VERSION = 1.0;
				PRODUCT_BUNDLE_IDENTIFIER = kalkan.RoadToTests;
				PRODUCT_NAME = "$(TARGET_NAME)";
				SWIFT_EMIT_LOC_STRINGS = NO;
				SWIFT_VERSION = 5.0;
				TARGETED_DEVICE_FAMILY = "1,2";
				TEST_HOST = "$(BUILT_PRODUCTS_DIR)/RoadTo.app/$(BUNDLE_EXECUTABLE_FOLDER_PATH)/RoadTo";
			};
			name = Debug;
		};
		E4B9F7322C29762C00596B6F /* Release */ = {
			isa = XCBuildConfiguration;
			buildSettings = {
				ALWAYS_EMBED_SWIFT_STANDARD_LIBRARIES = YES;
				BUNDLE_LOADER = "$(TEST_HOST)";
				CODE_SIGN_STYLE = Automatic;
				CURRENT_PROJECT_VERSION = 1;
				GENERATE_INFOPLIST_FILE = YES;
				IPHONEOS_DEPLOYMENT_TARGET = 17.5;
				MARKETING_VERSION = 1.0;
				PRODUCT_BUNDLE_IDENTIFIER = kalkan.RoadToTests;
				PRODUCT_NAME = "$(TARGET_NAME)";
				SWIFT_EMIT_LOC_STRINGS = NO;
				SWIFT_VERSION = 5.0;
				TARGETED_DEVICE_FAMILY = "1,2";
				TEST_HOST = "$(BUILT_PRODUCTS_DIR)/RoadTo.app/$(BUNDLE_EXECUTABLE_FOLDER_PATH)/RoadTo";
			};
			name = Release;
		};
		E4B9F7342C29762C00596B6F /* Debug */ = {
			isa = XCBuildConfiguration;
			buildSettings = {
				ALWAYS_EMBED_SWIFT_STANDARD_LIBRARIES = YES;
				CODE_SIGN_STYLE = Automatic;
				CURRENT_PROJECT_VERSION = 1;
				GENERATE_INFOPLIST_FILE = YES;
				MARKETING_VERSION = 1.0;
				PRODUCT_BUNDLE_IDENTIFIER = kalkan.RoadToUITests;
				PRODUCT_NAME = "$(TARGET_NAME)";
				SWIFT_EMIT_LOC_STRINGS = NO;
				SWIFT_VERSION = 5.0;
				TARGETED_DEVICE_FAMILY = "1,2";
				TEST_TARGET_NAME = RoadTo;
			};
			name = Debug;
		};
		E4B9F7352C29762C00596B6F /* Release */ = {
			isa = XCBuildConfiguration;
			buildSettings = {
				ALWAYS_EMBED_SWIFT_STANDARD_LIBRARIES = YES;
				CODE_SIGN_STYLE = Automatic;
				CURRENT_PROJECT_VERSION = 1;
				GENERATE_INFOPLIST_FILE = YES;
				MARKETING_VERSION = 1.0;
				PRODUCT_BUNDLE_IDENTIFIER = kalkan.RoadToUITests;
				PRODUCT_NAME = "$(TARGET_NAME)";
				SWIFT_EMIT_LOC_STRINGS = NO;
				SWIFT_VERSION = 5.0;
				TARGETED_DEVICE_FAMILY = "1,2";
				TEST_TARGET_NAME = RoadTo;
			};
			name = Release;
		};
/* End XCBuildConfiguration section */

/* Begin XCConfigurationList section */
		E4B9F6FE2C29762B00596B6F /* Build configuration list for PBXProject "RoadTo" */ = {
			isa = XCConfigurationList;
			buildConfigurations = (
				E4B9F72B2C29762C00596B6F /* Debug */,
				E4B9F72C2C29762C00596B6F /* Release */,
			);
			defaultConfigurationIsVisible = 0;
			defaultConfigurationName = Release;
		};
		E4B9F72D2C29762C00596B6F /* Build configuration list for PBXNativeTarget "RoadTo" */ = {
			isa = XCConfigurationList;
			buildConfigurations = (
				E4B9F72E2C29762C00596B6F /* Debug */,
				E4B9F72F2C29762C00596B6F /* Release */,
			);
			defaultConfigurationIsVisible = 0;
			defaultConfigurationName = Release;
		};
		E4B9F7302C29762C00596B6F /* Build configuration list for PBXNativeTarget "RoadToTests" */ = {
			isa = XCConfigurationList;
			buildConfigurations = (
				E4B9F7312C29762C00596B6F /* Debug */,
				E4B9F7322C29762C00596B6F /* Release */,
			);
			defaultConfigurationIsVisible = 0;
			defaultConfigurationName = Release;
		};
		E4B9F7332C29762C00596B6F /* Build configuration list for PBXNativeTarget "RoadToUITests" */ = {
			isa = XCConfigurationList;
			buildConfigurations = (
				E4B9F7342C29762C00596B6F /* Debug */,
				E4B9F7352C29762C00596B6F /* Release */,
			);
			defaultConfigurationIsVisible = 0;
			defaultConfigurationName = Release;
		};
/* End XCConfigurationList section */

/* Begin XCRemoteSwiftPackageReference section */
		E41868392C579E30007F5E1A /* XCRemoteSwiftPackageReference "firebase-ios-sdk" */ = {
			isa = XCRemoteSwiftPackageReference;
			repositoryURL = "https://github.com/firebase/firebase-ios-sdk";
			requirement = {
				kind = upToNextMajorVersion;
				minimumVersion = 10.29.0;
			};
		};
		E4592FBA2C53DD150025512F /* XCRemoteSwiftPackageReference "GRDB" */ = {
			isa = XCRemoteSwiftPackageReference;
			repositoryURL = "https://github.com/groue/GRDB.swift";
			requirement = {
				branch = master;
				kind = branch;
			};
		};
		E4D56F232C46C0E5008E39BF /* XCRemoteSwiftPackageReference "RxSwift" */ = {
			isa = XCRemoteSwiftPackageReference;
			repositoryURL = "https://github.com/ReactiveX/RxSwift.git";
			requirement = {
				kind = upToNextMajorVersion;
				minimumVersion = 6.7.1;
			};
		};
/* End XCRemoteSwiftPackageReference section */

/* Begin XCSwiftPackageProductDependency section */
		E418683A2C579E30007F5E1A /* FirebaseAuth */ = {
			isa = XCSwiftPackageProductDependency;
			package = E41868392C579E30007F5E1A /* XCRemoteSwiftPackageReference "firebase-ios-sdk" */;
			productName = FirebaseAuth;
		};
		E4592FBB2C53DF110025512F /* GRDB */ = {
			isa = XCSwiftPackageProductDependency;
			package = E4592FBA2C53DD150025512F /* XCRemoteSwiftPackageReference "GRDB" */;
			productName = GRDB;
		};
		E4D56F242C46C0E5008E39BF /* RxSwift */ = {
			isa = XCSwiftPackageProductDependency;
			package = E4D56F232C46C0E5008E39BF /* XCRemoteSwiftPackageReference "RxSwift" */;
			productName = RxSwift;
		};
/* End XCSwiftPackageProductDependency section */
	};
	rootObject = E4B9F6FB2C29762B00596B6F /* Project object */;
}
